<?xml version="1.0" encoding="UTF-8"?>
<Project ToolsVersion="4.0" xmlns="http://schemas.microsoft.com/developer/msbuild/2003">
  <ItemGroup>
    <CustomBuild Include="E:\Development\tfg\build_win64_vs\CMakeFiles\d5ec7606c2817b971aa7b17d90221390\INSTALL_force.rule">
      <Filter>CMake Rules</Filter>
    </CustomBuild>
  </ItemGroup>
  <ItemGroup>
    <Filter Include="CMake Rules">
      <UniqueIdentifier>{F49682C4-2F05-4DEF-9BDB-2170AC0E2F04}</UniqueIdentifier>
    </Filter>
  </ItemGroup>
</Project>
