Microsoft Visual Studio Solution File, Format Version 12.00
# Visual Studio 2012
Project("{8BC9CEB8-8B4A-11D0-8D11-00A0C91BC942}") = "ALL_BUILD", "ALL_BUILD.vcxproj", "{1A33788D-476E-4496-B1E7-CC4143C8B71C}"
	ProjectSection(ProjectDependencies) = postProject
		{9D190CFB-4CC6-4CBB-801F-6988A88F06AD} = {9D190CFB-4CC6-4CBB-801F-6988A88F06AD}
		{9E261A76-DAE5-4C48-B8FC-4774480FC145} = {9E261A76-DAE5-4C48-B8FC-4774480FC145}
		{FEAA56E1-2AED-4A83-AEE0-AF1B58AB7CF8} = {FEAA56E1-2AED-4A83-AEE0-AF1B58AB7CF8}
		{F6F1488C-1A73-4B97-BA51-71D0EC9B5F57} = {F6F1488C-1A73-4B97-BA51-71D0EC9B5F57}
		{C80C94D6-7F9D-4180-966A-FA3236ED3E5D} = {C80C94D6-7F9D-4180-966A-FA3236ED3E5D}
		{23EA2B0A-2139-4D46-8D18-CDD1A6AD853C} = {23EA2B0A-2139-4D46-8D18-CDD1A6AD853C}
	EndProjectSection
EndProject
Project("{8BC9CEB8-8B4A-11D0-8D11-00A0C91BC942}") = "INSTALL", "INSTALL.vcxproj", "{625E332A-CF5E-4FF5-B611-13D068D8DE21}"
	ProjectSection(ProjectDependencies) = postProject
		{1A33788D-476E-4496-B1E7-CC4143C8B71C} = {1A33788D-476E-4496-B1E7-CC4143C8B71C}
	EndProjectSection
EndProject
Project("{8BC9CEB8-8B4A-11D0-8D11-00A0C91BC942}") = "Qr_proc", "trabajo\Qr_proc.vcxproj", "{9D190CFB-4CC6-4CBB-801F-6988A88F06AD}"
	ProjectSection(ProjectDependencies) = postProject
		{9E261A76-DAE5-4C48-B8FC-4774480FC145} = {9E261A76-DAE5-4C48-B8FC-4774480FC145}
		{F6F1488C-1A73-4B97-BA51-71D0EC9B5F57} = {F6F1488C-1A73-4B97-BA51-71D0EC9B5F57}
		{23EA2B0A-2139-4D46-8D18-CDD1A6AD853C} = {23EA2B0A-2139-4D46-8D18-CDD1A6AD853C}
	EndProjectSection
EndProject
Project("{8BC9CEB8-8B4A-11D0-8D11-00A0C91BC942}") = "ZERO_CHECK", "ZERO_CHECK.vcxproj", "{9E261A76-DAE5-4C48-B8FC-4774480FC145}"
	ProjectSection(ProjectDependencies) = postProject
	EndProjectSection
EndProject
Project("{8BC9CEB8-8B4A-11D0-8D11-00A0C91BC942}") = "dorsales", "trabajo\dorsales.vcxproj", "{FEAA56E1-2AED-4A83-AEE0-AF1B58AB7CF8}"
	ProjectSection(ProjectDependencies) = postProject
		{9E261A76-DAE5-4C48-B8FC-4774480FC145} = {9E261A76-DAE5-4C48-B8FC-4774480FC145}
		{F6F1488C-1A73-4B97-BA51-71D0EC9B5F57} = {F6F1488C-1A73-4B97-BA51-71D0EC9B5F57}
		{23EA2B0A-2139-4D46-8D18-CDD1A6AD853C} = {23EA2B0A-2139-4D46-8D18-CDD1A6AD853C}
	EndProjectSection
EndProject
Project("{8BC9CEB8-8B4A-11D0-8D11-00A0C91BC942}") = "functions", "trabajo\functions.vcxproj", "{F6F1488C-1A73-4B97-BA51-71D0EC9B5F57}"
	ProjectSection(ProjectDependencies) = postProject
		{9E261A76-DAE5-4C48-B8FC-4774480FC145} = {9E261A76-DAE5-4C48-B8FC-4774480FC145}
	EndProjectSection
EndProject
Project("{8BC9CEB8-8B4A-11D0-8D11-00A0C91BC942}") = "make_trainer", "trabajo\make_trainer.vcxproj", "{C80C94D6-7F9D-4180-966A-FA3236ED3E5D}"
	ProjectSection(ProjectDependencies) = postProject
		{9E261A76-DAE5-4C48-B8FC-4774480FC145} = {9E261A76-DAE5-4C48-B8FC-4774480FC145}
		{F6F1488C-1A73-4B97-BA51-71D0EC9B5F57} = {F6F1488C-1A73-4B97-BA51-71D0EC9B5F57}
		{23EA2B0A-2139-4D46-8D18-CDD1A6AD853C} = {23EA2B0A-2139-4D46-8D18-CDD1A6AD853C}
	EndProjectSection
EndProject
Project("{8BC9CEB8-8B4A-11D0-8D11-00A0C91BC942}") = "utilities", "trabajo\utilities.vcxproj", "{23EA2B0A-2139-4D46-8D18-CDD1A6AD853C}"
	ProjectSection(ProjectDependencies) = postProject
		{9E261A76-DAE5-4C48-B8FC-4774480FC145} = {9E261A76-DAE5-4C48-B8FC-4774480FC145}
	EndProjectSection
EndProject
Global
	GlobalSection(SolutionConfigurationPlatforms) = preSolution
		Debug|Win32 = Debug|Win32
		Release|Win32 = Release|Win32
		MinSizeRel|Win32 = MinSizeRel|Win32
		RelWithDebInfo|Win32 = RelWithDebInfo|Win32
	EndGlobalSection
	GlobalSection(ProjectConfigurationPlatforms) = postSolution
		{1A33788D-476E-4496-B1E7-CC4143C8B71C}.Debug|Win32.ActiveCfg = Debug|Win32
		{1A33788D-476E-4496-B1E7-CC4143C8B71C}.Debug|Win32.Build.0 = Debug|Win32
		{1A33788D-476E-4496-B1E7-CC4143C8B71C}.Release|Win32.ActiveCfg = Release|Win32
		{1A33788D-476E-4496-B1E7-CC4143C8B71C}.Release|Win32.Build.0 = Release|Win32
		{1A33788D-476E-4496-B1E7-CC4143C8B71C}.MinSizeRel|Win32.ActiveCfg = MinSizeRel|Win32
		{1A33788D-476E-4496-B1E7-CC4143C8B71C}.MinSizeRel|Win32.Build.0 = MinSizeRel|Win32
		{1A33788D-476E-4496-B1E7-CC4143C8B71C}.RelWithDebInfo|Win32.ActiveCfg = RelWithDebInfo|Win32
		{1A33788D-476E-4496-B1E7-CC4143C8B71C}.RelWithDebInfo|Win32.Build.0 = RelWithDebInfo|Win32
		{625E332A-CF5E-4FF5-B611-13D068D8DE21}.Debug|Win32.ActiveCfg = Debug|Win32
		{625E332A-CF5E-4FF5-B611-13D068D8DE21}.Release|Win32.ActiveCfg = Release|Win32
		{625E332A-CF5E-4FF5-B611-13D068D8DE21}.MinSizeRel|Win32.ActiveCfg = MinSizeRel|Win32
		{625E332A-CF5E-4FF5-B611-13D068D8DE21}.RelWithDebInfo|Win32.ActiveCfg = RelWithDebInfo|Win32
		{9D190CFB-4CC6-4CBB-801F-6988A88F06AD}.Debug|Win32.ActiveCfg = Debug|Win32
		{9D190CFB-4CC6-4CBB-801F-6988A88F06AD}.Debug|Win32.Build.0 = Debug|Win32
		{9D190CFB-4CC6-4CBB-801F-6988A88F06AD}.Release|Win32.ActiveCfg = Release|Win32
		{9D190CFB-4CC6-4CBB-801F-6988A88F06AD}.Release|Win32.Build.0 = Release|Win32
		{9D190CFB-4CC6-4CBB-801F-6988A88F06AD}.MinSizeRel|Win32.ActiveCfg = MinSizeRel|Win32
		{9D190CFB-4CC6-4CBB-801F-6988A88F06AD}.MinSizeRel|Win32.Build.0 = MinSizeRel|Win32
		{9D190CFB-4CC6-4CBB-801F-6988A88F06AD}.RelWithDebInfo|Win32.ActiveCfg = RelWithDebInfo|Win32
		{9D190CFB-4CC6-4CBB-801F-6988A88F06AD}.RelWithDebInfo|Win32.Build.0 = RelWithDebInfo|Win32
		{9E261A76-DAE5-4C48-B8FC-4774480FC145}.Debug|Win32.ActiveCfg = Debug|Win32
		{9E261A76-DAE5-4C48-B8FC-4774480FC145}.Debug|Win32.Build.0 = Debug|Win32
		{9E261A76-DAE5-4C48-B8FC-4774480FC145}.Release|Win32.ActiveCfg = Release|Win32
		{9E261A76-DAE5-4C48-B8FC-4774480FC145}.Release|Win32.Build.0 = Release|Win32
		{9E261A76-DAE5-4C48-B8FC-4774480FC145}.MinSizeRel|Win32.ActiveCfg = MinSizeRel|Win32
		{9E261A76-DAE5-4C48-B8FC-4774480FC145}.MinSizeRel|Win32.Build.0 = MinSizeRel|Win32
		{9E261A76-DAE5-4C48-B8FC-4774480FC145}.RelWithDebInfo|Win32.ActiveCfg = RelWithDebInfo|Win32
		{9E261A76-DAE5-4C48-B8FC-4774480FC145}.RelWithDebInfo|Win32.Build.0 = RelWithDebInfo|Win32
		{FEAA56E1-2AED-4A83-AEE0-AF1B58AB7CF8}.Debug|Win32.ActiveCfg = Debug|Win32
		{FEAA56E1-2AED-4A83-AEE0-AF1B58AB7CF8}.Debug|Win32.Build.0 = Debug|Win32
		{FEAA56E1-2AED-4A83-AEE0-AF1B58AB7CF8}.Release|Win32.ActiveCfg = Release|Win32
		{FEAA56E1-2AED-4A83-AEE0-AF1B58AB7CF8}.Release|Win32.Build.0 = Release|Win32
		{FEAA56E1-2AED-4A83-AEE0-AF1B58AB7CF8}.MinSizeRel|Win32.ActiveCfg = MinSizeRel|Win32
		{FEAA56E1-2AED-4A83-AEE0-AF1B58AB7CF8}.MinSizeRel|Win32.Build.0 = MinSizeRel|Win32
		{FEAA56E1-2AED-4A83-AEE0-AF1B58AB7CF8}.RelWithDebInfo|Win32.ActiveCfg = RelWithDebInfo|Win32
		{FEAA56E1-2AED-4A83-AEE0-AF1B58AB7CF8}.RelWithDebInfo|Win32.Build.0 = RelWithDebInfo|Win32
		{F6F1488C-1A73-4B97-BA51-71D0EC9B5F57}.Debug|Win32.ActiveCfg = Debug|Win32
		{F6F1488C-1A73-4B97-BA51-71D0EC9B5F57}.Debug|Win32.Build.0 = Debug|Win32
		{F6F1488C-1A73-4B97-BA51-71D0EC9B5F57}.Release|Win32.ActiveCfg = Release|Win32
		{F6F1488C-1A73-4B97-BA51-71D0EC9B5F57}.Release|Win32.Build.0 = Release|Win32
		{F6F1488C-1A73-4B97-BA51-71D0EC9B5F57}.MinSizeRel|Win32.ActiveCfg = MinSizeRel|Win32
		{F6F1488C-1A73-4B97-BA51-71D0EC9B5F57}.MinSizeRel|Win32.Build.0 = MinSizeRel|Win32
		{F6F1488C-1A73-4B97-BA51-71D0EC9B5F57}.RelWithDebInfo|Win32.ActiveCfg = RelWithDebInfo|Win32
		{F6F1488C-1A73-4B97-BA51-71D0EC9B5F57}.RelWithDebInfo|Win32.Build.0 = RelWithDebInfo|Win32
		{C80C94D6-7F9D-4180-966A-FA3236ED3E5D}.Debug|Win32.ActiveCfg = Debug|Win32
		{C80C94D6-7F9D-4180-966A-FA3236ED3E5D}.Debug|Win32.Build.0 = Debug|Win32
		{C80C94D6-7F9D-4180-966A-FA3236ED3E5D}.Release|Win32.ActiveCfg = Release|Win32
		{C80C94D6-7F9D-4180-966A-FA3236ED3E5D}.Release|Win32.Build.0 = Release|Win32
		{C80C94D6-7F9D-4180-966A-FA3236ED3E5D}.MinSizeRel|Win32.ActiveCfg = MinSizeRel|Win32
		{C80C94D6-7F9D-4180-966A-FA3236ED3E5D}.MinSizeRel|Win32.Build.0 = MinSizeRel|Win32
		{C80C94D6-7F9D-4180-966A-FA3236ED3E5D}.RelWithDebInfo|Win32.ActiveCfg = RelWithDebInfo|Win32
		{C80C94D6-7F9D-4180-966A-FA3236ED3E5D}.RelWithDebInfo|Win32.Build.0 = RelWithDebInfo|Win32
		{23EA2B0A-2139-4D46-8D18-CDD1A6AD853C}.Debug|Win32.ActiveCfg = Debug|Win32
		{23EA2B0A-2139-4D46-8D18-CDD1A6AD853C}.Debug|Win32.Build.0 = Debug|Win32
		{23EA2B0A-2139-4D46-8D18-CDD1A6AD853C}.Release|Win32.ActiveCfg = Release|Win32
		{23EA2B0A-2139-4D46-8D18-CDD1A6AD853C}.Release|Win32.Build.0 = Release|Win32
		{23EA2B0A-2139-4D46-8D18-CDD1A6AD853C}.MinSizeRel|Win32.ActiveCfg = MinSizeRel|Win32
		{23EA2B0A-2139-4D46-8D18-CDD1A6AD853C}.MinSizeRel|Win32.Build.0 = MinSizeRel|Win32
		{23EA2B0A-2139-4D46-8D18-CDD1A6AD853C}.RelWithDebInfo|Win32.ActiveCfg = RelWithDebInfo|Win32
		{23EA2B0A-2139-4D46-8D18-CDD1A6AD853C}.RelWithDebInfo|Win32.Build.0 = RelWithDebInfo|Win32
	EndGlobalSection
	GlobalSection(ExtensibilityGlobals) = postSolution
	EndGlobalSection
	GlobalSection(ExtensibilityAddIns) = postSolution
	EndGlobalSection
EndGlobal
